// !$*UTF8*$!
{
	archiveVersion = 1;
	classes = {
	};
	objectVersion = 50;
	objects = {

/* Begin PBXBuildFile section */
		3F0263A42165FB27001539B9 /* AppDelegate.swift in Sources */ = {isa = PBXBuildFile; fileRef = 3F0263A32165FB27001539B9 /* AppDelegate.swift */; };
		3F0263A62165FB27001539B9 /* ViewController.swift in Sources */ = {isa = PBXBuildFile; fileRef = 3F0263A52165FB27001539B9 /* ViewController.swift */; };
		3F0263A92165FB27001539B9 /* Main.storyboard in Resources */ = {isa = PBXBuildFile; fileRef = 3F0263A72165FB27001539B9 /* Main.storyboard */; };
		3F0263AB2165FB30001539B9 /* Assets.xcassets in Resources */ = {isa = PBXBuildFile; fileRef = 3F0263AA2165FB30001539B9 /* Assets.xcassets */; };
		3F0263AE2165FB30001539B9 /* LaunchScreen.storyboard in Resources */ = {isa = PBXBuildFile; fileRef = 3F0263AC2165FB30001539B9 /* LaunchScreen.storyboard */; };
		3FF4F1E821786A5200E53DAE /* AlarmModel.swift in Sources */ = {isa = PBXBuildFile; fileRef = 3FF4F1E721786A5200E53DAE /* AlarmModel.swift */; };
		D8BA8683216A513800378D21 /* ClockHelper.swift in Sources */ = {isa = PBXBuildFile; fileRef = D8BA8682216A513800378D21 /* ClockHelper.swift */; };
/* End PBXBuildFile section */

/* Begin PBXFileReference section */
		3F0263A02165FB27001539B9 /* Opdracht4_klok.app */ = {isa = PBXFileReference; explicitFileType = wrapper.application; includeInIndex = 0; path = Opdracht4_klok.app; sourceTree = BUILT_PRODUCTS_DIR; };
		3F0263A32165FB27001539B9 /* AppDelegate.swift */ = {isa = PBXFileReference; lastKnownFileType = sourcecode.swift; path = AppDelegate.swift; sourceTree = "<group>"; };
		3F0263A52165FB27001539B9 /* ViewController.swift */ = {isa = PBXFileReference; lastKnownFileType = sourcecode.swift; path = ViewController.swift; sourceTree = "<group>"; };
		3F0263A82165FB27001539B9 /* Base */ = {isa = PBXFileReference; lastKnownFileType = file.storyboard; name = Base; path = Base.lproj/Main.storyboard; sourceTree = "<group>"; };
		3F0263AA2165FB30001539B9 /* Assets.xcassets */ = {isa = PBXFileReference; lastKnownFileType = folder.assetcatalog; path = Assets.xcassets; sourceTree = "<group>"; };
		3F0263AD2165FB30001539B9 /* Base */ = {isa = PBXFileReference; lastKnownFileType = file.storyboard; name = Base; path = Base.lproj/LaunchScreen.storyboard; sourceTree = "<group>"; };
		3F0263AF2165FB30001539B9 /* Info.plist */ = {isa = PBXFileReference; lastKnownFileType = text.plist.xml; path = Info.plist; sourceTree = "<group>"; };
		3FF4F1E721786A5200E53DAE /* AlarmModel.swift */ = {isa = PBXFileReference; lastKnownFileType = sourcecode.swift; path = AlarmModel.swift; sourceTree = "<group>"; };
		D8BA8682216A513800378D21 /* ClockHelper.swift */ = {isa = PBXFileReference; lastKnownFileType = sourcecode.swift; path = ClockHelper.swift; sourceTree = "<group>"; };
/* End PBXFileReference section */

/* Begin PBXFrameworksBuildPhase section */
		3F02639D2165FB27001539B9 /* Frameworks */ = {
			isa = PBXFrameworksBuildPhase;
			buildActionMask = 2147483647;
			files = (
			);
			runOnlyForDeploymentPostprocessing = 0;
		};
/* End PBXFrameworksBuildPhase section */

/* Begin PBXGroup section */
		3F0263972165FB27001539B9 = {
			isa = PBXGroup;
			children = (
				3F0263A22165FB27001539B9 /* Opdracht4_klok */,
				3F0263A12165FB27001539B9 /* Products */,
			);
			sourceTree = "<group>";
		};
		3F0263A12165FB27001539B9 /* Products */ = {
			isa = PBXGroup;
			children = (
				3F0263A02165FB27001539B9 /* Opdracht4_klok.app */,
			);
			name = Products;
			sourceTree = "<group>";
		};
		3F0263A22165FB27001539B9 /* Opdracht4_klok */ = {
			isa = PBXGroup;
			children = (
				3F0263A32165FB27001539B9 /* AppDelegate.swift */,
				3F0263A52165FB27001539B9 /* ViewController.swift */,
				3F0263A72165FB27001539B9 /* Main.storyboard */,
				3F0263AA2165FB30001539B9 /* Assets.xcassets */,
				3F0263AC2165FB30001539B9 /* LaunchScreen.storyboard */,
				3F0263AF2165FB30001539B9 /* Info.plist */,
				D8BA8682216A513800378D21 /* ClockHelper.swift */,
				3FF4F1E721786A5200E53DAE /* AlarmModel.swift */,
			);
			path = Opdracht4_klok;
			sourceTree = "<group>";
		};
/* End PBXGroup section */

/* Begin PBXNativeTarget section */
		3F02639F2165FB27001539B9 /* Opdracht4_klok */ = {
			isa = PBXNativeTarget;
			buildConfigurationList = 3F0263B22165FB30001539B9 /* Build configuration list for PBXNativeTarget "Opdracht4_klok" */;
			buildPhases = (
				3F02639C2165FB27001539B9 /* Sources */,
				3F02639D2165FB27001539B9 /* Frameworks */,
				3F02639E2165FB27001539B9 /* Resources */,
			);
			buildRules = (
			);
			dependencies = (
			);
			name = Opdracht4_klok;
			productName = Opdracht4_klok;
			productReference = 3F0263A02165FB27001539B9 /* Opdracht4_klok.app */;
			productType = "com.apple.product-type.application";
		};
/* End PBXNativeTarget section */

/* Begin PBXProject section */
		3F0263982165FB27001539B9 /* Project object */ = {
			isa = PBXProject;
			attributes = {
				LastSwiftUpdateCheck = 1000;
				LastUpgradeCheck = 1000;
				ORGANIZATIONNAME = Vives;
				TargetAttributes = {
					3F02639F2165FB27001539B9 = {
						CreatedOnToolsVersion = 10.0;
					};
				};
			};
			buildConfigurationList = 3F02639B2165FB27001539B9 /* Build configuration list for PBXProject "Opdracht4_klok" */;
			compatibilityVersion = "Xcode 9.3";
			developmentRegion = en;
			hasScannedForEncodings = 0;
			knownRegions = (
				en,
				Base,
			);
			mainGroup = 3F0263972165FB27001539B9;
			productRefGroup = 3F0263A12165FB27001539B9 /* Products */;
			projectDirPath = "";
			projectRoot = "";
			targets = (
				3F02639F2165FB27001539B9 /* Opdracht4_klok */,
			);
		};
/* End PBXProject section */

/* Begin PBXResourcesBuildPhase section */
		3F02639E2165FB27001539B9 /* Resources */ = {
			isa = PBXResourcesBuildPhase;
			buildActionMask = 2147483647;
			files = (
				3F0263AE2165FB30001539B9 /* LaunchScreen.storyboard in Resources */,
				3F0263AB2165FB30001539B9 /* Assets.xcassets in Resources */,
				3F0263A92165FB27001539B9 /* Main.storyboard in Resources */,
			);
			runOnlyForDeploymentPostprocessing = 0;
		};
/* End PBXResourcesBuildPhase section */

/* Begin PBXSourcesBuildPhase section */
		3F02639C2165FB27001539B9 /* Sources */ = {
			isa = PBXSourcesBuildPhase;
			buildActionMask = 2147483647;
			files = (
				D8BA8683216A513800378D21 /* ClockHelper.swift in Sources */,
				3FF4F1E821786A5200E53DAE /* AlarmModel.swift in Sources */,
				3F0263A62165FB27001539B9 /* ViewController.swift in Sources */,
				3F0263A42165FB27001539B9 /* AppDelegate.swift in Sources */,
			);
			runOnlyForDeploymentPostprocessing = 0;
		};
/* End PBXSourcesBuildPhase section */

/* Begin PBXVariantGroup section */
		3F0263A72165FB27001539B9 /* Main.storyboard */ = {
			isa = PBXVariantGroup;
			children = (
				3F0263A82165FB27001539B9 /* Base */,
			);
			name = Main.storyboard;
			sourceTree = "<group>";
		};
		3F0263AC2165FB30001539B9 /* LaunchScreen.storyboard */ = {
			isa = PBXVariantGroup;
			children = (
				3F0263AD2165FB30001539B9 /* Base */,
			);
			name = LaunchScreen.storyboard;
			sourceTree = "<group>";
		};
/* End PBXVariantGroup section */

/* Begin XCBuildConfiguration section */
		3F0263B02165FB30001539B9 /* Debug */ = {
			isa = XCBuildConfiguration;
			buildSettings = {
				ALWAYS_SEARCH_USER_PATHS = NO;
				CLANG_ANALYZER_NONNULL = YES;
				CLANG_ANALYZER_NUMBER_OBJECT_CONVERSION = YES_AGGRESSIVE;
				CLANG_CXX_LANGUAGE_STANDARD = "gnu++14";
				CLANG_CXX_LIBRARY = "libc++";
				CLANG_ENABLE_MODULES = YES;
				CLANG_ENABLE_OBJC_ARC = YES;
				CLANG_ENABLE_OBJC_WEAK = YES;
				CLANG_WARN_BLOCK_CAPTURE_AUTORELEASING = YES;
				CLANG_WARN_BOOL_CONVERSION = YES;
				CLANG_WARN_COMMA = YES;
				CLANG_WARN_CONSTANT_CONVERSION = YES;
				CLANG_WARN_DEPRECATED_OBJC_IMPLEMENTATIONS = YES;
				CLANG_WARN_DIRECT_OBJC_ISA_USAGE = YES_ERROR;
				CLANG_WARN_DOCUMENTATION_COMMENTS = YES;
				CLANG_WARN_EMPTY_BODY = YES;
				CLANG_WARN_ENUM_CONVERSION = YES;
				CLANG_WARN_INFINITE_RECURSION = YES;
				CLANG_WARN_INT_CONVERSION = YES;
				CLANG_WARN_NON_LITERAL_NULL_CONVERSION = YES;
				CLANG_WARN_OBJC_IMPLICIT_RETAIN_SELF = YES;
				CLANG_WARN_OBJC_LITERAL_CONVERSION = YES;
				CLANG_WARN_OBJC_ROOT_CLASS = YES_ERROR;
				CLANG_WARN_RANGE_LOOP_ANALYSIS = YES;
				CLANG_WARN_STRICT_PROTOTYPES = YES;
				CLANG_WARN_SUSPICIOUS_MOVE = YES;
				CLANG_WARN_UNGUARDED_AVAILABILITY = YES_AGGRESSIVE;
				CLANG_WARN_UNREACHABLE_CODE = YES;
				CLANG_WARN__DUPLICATE_METHOD_MATCH = YES;
				CODE_SIGN_IDENTITY = "iPhone Developer";
				COPY_PHASE_STRIP = NO;
				DEBUG_INFORMATION_FORMAT = dwarf;
				ENABLE_STRICT_OBJC_MSGSEND = YES;
				ENABLE_TESTABILITY = YES;
				GCC_C_LANGUAGE_STANDARD = gnu11;
				GCC_DYNAMIC_NO_PIC = NO;
				GCC_NO_COMMON_BLOCKS = YES;
				GCC_OPTIMIZATION_LEVEL = 0;
				GCC_PREPROCESSOR_DEFINITIONS = (
					"DEBUG=1",
					"$(inherited)",
				);
				GCC_WARN_64_TO_32_BIT_CONVERSION = YES;
				GCC_WARN_ABOUT_RETURN_TYPE = YES_ERROR;
				GCC_WARN_UNDECLARED_SELECTOR = YES;
				GCC_WARN_UNINITIALIZED_AUTOS = YES_AGGRESSIVE;
				GCC_WARN_UNUSED_FUNCTION = YES;
				GCC_WARN_UNUSED_VARIABLE = YES;
				IPHONEOS_DEPLOYMENT_TARGET = 12.0;
				MTL_ENABLE_DEBUG_INFO = INCLUDE_SOURCE;
				MTL_FAST_MATH = YES;
				ONLY_ACTIVE_ARCH = YES;
				SDKROOT = iphoneos;
				SWIFT_ACTIVE_COMPILATION_CONDITIONS = DEBUG;
				SWIFT_OPTIMIZATION_LEVEL = "-Onone";
			};
			name = Debug;
		};
		3F0263B12165FB30001539B9 /* Release */ = {
			isa = XCBuildConfiguration;
			buildSettings = {
				ALWAYS_SEARCH_USER_PATHS = NO;
				CLANG_ANALYZER_NONNULL = YES;
				CLANG_ANALYZER_NUMBER_OBJECT_CONVERSION = YES_AGGRESSIVE;
				CLANG_CXX_LANGUAGE_STANDARD = "gnu++14";
				CLANG_CXX_LIBRARY = "libc++";
				CLANG_ENABLE_MODULES = YES;
				CLANG_ENABLE_OBJC_ARC = YES;
				CLANG_ENABLE_OBJC_WEAK = YES;
				CLANG_WARN_BLOCK_CAPTURE_AUTORELEASING = YES;
				CLANG_WARN_BOOL_CONVERSION = YES;
				CLANG_WARN_COMMA = YES;
				CLANG_WARN_CONSTANT_CONVERSION = YES;
				CLANG_WARN_DEPRECATED_OBJC_IMPLEMENTATIONS = YES;
				CLANG_WARN_DIRECT_OBJC_ISA_USAGE = YES_ERROR;
				CLANG_WARN_DOCUMENTATION_COMMENTS = YES;
				CLANG_WARN_EMPTY_BODY = YES;
				CLANG_WARN_ENUM_CONVERSION = YES;
				CLANG_WARN_INFINITE_RECURSION = YES;
				CLANG_WARN_INT_CONVERSION = YES;
				CLANG_WARN_NON_LITERAL_NULL_CONVERSION = YES;
				CLANG_WARN_OBJC_IMPLICIT_RETAIN_SELF = YES;
				CLANG_WARN_OBJC_LITERAL_CONVERSION = YES;
				CLANG_WARN_OBJC_ROOT_CLASS = YES_ERROR;
				CLANG_WARN_RANGE_LOOP_ANALYSIS = YES;
				CLANG_WARN_STRICT_PROTOTYPES = YES;
				CLANG_WARN_SUSPICIOUS_MOVE = YES;
				CLANG_WARN_UNGUARDED_AVAILABILITY = YES_AGGRESSIVE;
				CLANG_WARN_UNREACHABLE_CODE = YES;
				CLANG_WARN__DUPLICATE_METHOD_MATCH = YES;
				CODE_SIGN_IDENTITY = "iPhone Developer";
				COPY_PHASE_STRIP = NO;
				DEBUG_INFORMATION_FORMAT = "dwarf-with-dsym";
				ENABLE_NS_ASSERTIONS = NO;
				ENABLE_STRICT_OBJC_MSGSEND = YES;
				GCC_C_LANGUAGE_STANDARD = gnu11;
				GCC_NO_COMMON_BLOCKS = YES;
				GCC_WARN_64_TO_32_BIT_CONVERSION = YES;
				GCC_WARN_ABOUT_RETURN_TYPE = YES_ERROR;
				GCC_WARN_UNDECLARED_SELECTOR = YES;
				GCC_WARN_UNINITIALIZED_AUTOS = YES_AGGRESSIVE;
				GCC_WARN_UNUSED_FUNCTION = YES;
				GCC_WARN_UNUSED_VARIABLE = YES;
				IPHONEOS_DEPLOYMENT_TARGET = 12.0;
				MTL_ENABLE_DEBUG_INFO = NO;
				MTL_FAST_MATH = YES;
				SDKROOT = iphoneos;
				SWIFT_COMPILATION_MODE = wholemodule;
				SWIFT_OPTIMIZATION_LEVEL = "-O";
				VALIDATE_PRODUCT = YES;
			};
			name = Release;
		};
		3F0263B32165FB30001539B9 /* Debug */ = {
			isa = XCBuildConfiguration;
			buildSettings = {
				ASSETCATALOG_COMPILER_APPICON_NAME = AppIcon;
				CODE_SIGN_STYLE = Automatic;
				DEVELOPMENT_TEAM = 4ZKAVX4QF4;
				INFOPLIST_FILE = Opdracht4_klok/Info.plist;
				IPHONEOS_DEPLOYMENT_TARGET = 9.3;
				LD_RUNPATH_SEARCH_PATHS = (
					"$(inherited)",
					"@executable_path/Frameworks",
				);
				PRODUCT_BUNDLE_IDENTIFIER = "margot.vandenberghe.Opdracht4-klok";
				PRODUCT_NAME = "$(TARGET_NAME)";
				SWIFT_VERSION = 4.2;
				TARGETED_DEVICE_FAMILY = "1,2";
			};
			name = Debug;
		};
		3F0263B42165FB30001539B9 /* Release */ = {
			isa = XCBuildConfiguration;
			buildSettings = {
				ASSETCATALOG_COMPILER_APPICON_NAME = AppIcon;
				CODE_SIGN_STYLE = Automatic;
				DEVELOPMENT_TEAM = 4ZKAVX4QF4;
				INFOPLIST_FILE = Opdracht4_klok/Info.plist;
				IPHONEOS_DEPLOYMENT_TARGET = 9.3;
				LD_RUNPATH_SEARCH_PATHS = (
					"$(inherited)",
					"@executable_path/Frameworks",
				);
				PRODUCT_BUNDLE_IDENTIFIER = "margot.vandenberghe.Opdracht4-klok";
				PRODUCT_NAME = "$(TARGET_NAME)";
				SWIFT_VERSION = 4.2;
				TARGETED_DEVICE_FAMILY = "1,2";
			};
			name = Release;
		};
/* End XCBuildConfiguration section */

/* Begin XCConfigurationList section */
		3F02639B2165FB27001539B9 /* Build configuration list for PBXProject "Opdracht4_klok" */ = {
			isa = XCConfigurationList;
			buildConfigurations = (
				3F0263B02165FB30001539B9 /* Debug */,
				3F0263B12165FB30001539B9 /* Release */,
			);
			defaultConfigurationIsVisible = 0;
			defaultConfigurationName = Release;
		};
		3F0263B22165FB30001539B9 /* Build configuration list for PBXNativeTarget "Opdracht4_klok" */ = {
			isa = XCConfigurationList;
			buildConfigurations = (
				3F0263B32165FB30001539B9 /* Debug */,
				3F0263B42165FB30001539B9 /* Release */,
			);
			defaultConfigurationIsVisible = 0;
			defaultConfigurationName = Release;
		};
/* End XCConfigurationList section */
	};
	rootObject = 3F0263982165FB27001539B9 /* Project object */;
}
